
Microsoft Visual Studio Solution File, Format Version 12.00
# Visual Studio Version 17
VisualStudioVersion = 17.6.33815.320
MinimumVisualStudioVersion = 10.0.40219.1
Project("{8BC9CEB8-8B4A-11D0-8D11-00A0C91BC942}") = "Declaring Variables", "Declaring Variables\Declaring Variables.vcxproj", "{E5379892-FF08-4DE4-99AB-C3545FAA595F}"
EndProject
Global
	GlobalSection(SolutionConfigurationPlatforms) = preSolution
		Debug|x64 = Debug|x64
		Debug|x86 = Debug|x86
		Release|x64 = Release|x64
		Release|x86 = Release|x86
	EndGlobalSection
	GlobalSection(ProjectConfigurationPlatforms) = postSolution
		{E5379892-FF08-4DE4-99AB-C3545FAA595F}.Debug|x64.ActiveCfg = Debug|x64
		{E5379892-FF08-4DE4-99AB-C3545FAA595F}.Debug|x64.Build.0 = Debug|x64
		{E5379892-FF08-4DE4-99AB-C3545FAA595F}.Debug|x86.ActiveCfg = Debug|Win32
		{E5379892-FF08-4DE4-99AB-C3545FAA595F}.Debug|x86.Build.0 = Debug|Win32
		{E5379892-FF08-4DE4-99AB-C3545FAA595F}.Release|x64.ActiveCfg = Release|x64
		{E5379892-FF08-4DE4-99AB-C3545FAA595F}.Release|x64.Build.0 = Release|x64
		{E5379892-FF08-4DE4-99AB-C3545FAA595F}.Release|x86.ActiveCfg = Release|Win32
		{E5379892-FF08-4DE4-99AB-C3545FAA595F}.Release|x86.Build.0 = Release|Win32
	EndGlobalSection
	GlobalSection(SolutionProperties) = preSolution
		HideSolutionNode = FALSE
	EndGlobalSection
	GlobalSection(ExtensibilityGlobals) = postSolution
		SolutionGuid = {7A630C46-36A6-4EB7-8AA4-337CF2F312F7}
	EndGlobalSection
EndGlobal
